
Microsoft Visual Studio Solution File, Format Version 12.00
# Visual Studio Version 16
VisualStudioVersion = 16.0.32002.261
MinimumVisualStudioVersion = 10.0.40219.1
Project("{FAE04EC0-301F-11D3-BF4B-00C04F79EFBC}") = "Mission4", "Mission4\Mission4.csproj", "{45B9446C-C94F-438D-A207-2C81C3544940}"
EndProject
Global
	GlobalSection(SolutionConfigurationPlatforms) = preSolution
		Debug|Any CPU = Debug|Any CPU
		Release|Any CPU = Release|Any CPU
	EndGlobalSection
	GlobalSection(ProjectConfigurationPlatforms) = postSolution
		{45B9446C-C94F-438D-A207-2C81C3544940}.Debug|Any CPU.ActiveCfg = Debug|Any CPU
		{45B9446C-C94F-438D-A207-2C81C3544940}.Debug|Any CPU.Build.0 = Debug|Any CPU
		{45B9446C-C94F-438D-A207-2C81C3544940}.Release|Any CPU.ActiveCfg = Release|Any CPU
		{45B9446C-C94F-438D-A207-2C81C3544940}.Release|Any CPU.Build.0 = Release|Any CPU
	EndGlobalSection
	GlobalSection(SolutionProperties) = preSolution
		HideSolutionNode = FALSE
	EndGlobalSection
	GlobalSection(ExtensibilityGlobals) = postSolution
		SolutionGuid = {F74C3A33-52B1-4232-9BE2-F0ED6D35F1E5}
	EndGlobalSection
EndGlobal
